<?xml version="1.0" encoding="utf-8"?>
<Project ToolsVersion="4.0" xmlns="http://schemas.microsoft.com/developer/msbuild/2003">
  <ItemGroup>
    <ClCompile Include="Button.cpp" />
    <ClCompile Include="CheckBox.cpp" />
    <ClCompile Include="Container.cpp" />
    <ClCompile Include="DVA222_Project.cpp" />
    <ClCompile Include="Graphix.cpp" />
    <ClCompile Include="ControlBase.cpp" />
    <ClCompile Include="ImageBox.cpp" />
    <ClCompile Include="Label.cpp" />
    <ClCompile Include="MyButton.cpp" />
    <ClCompile Include="Panel.cpp" />
    <ClCompile Include="RadioButton.cpp" />
    <ClCompile Include="stdafx.cpp" />
    <ClCompile Include="Window.cpp" />
    <ClCompile Include="ToggleButton.cpp" />
  </ItemGroup>
  <ItemGroup>
    <ClInclude Include="ChackBoxGroup.h" />
    <ClInclude Include="Button.h" />
    <ClInclude Include="CheckBox.h" />
    <ClInclude Include="Container.h" />
    <ClInclude Include="Graphix.h" />
    <ClInclude Include="ControlBase.h" />
    <ClInclude Include="ImageBox.h" />
    <ClInclude Include="Label.h" />
    <ClInclude Include="MyButton.h" />
    <ClInclude Include="ReadingButtonGroup.h" />
    <ClInclude Include="Panel.h" />
    <ClInclude Include="RadioButton.h" />
    <ClInclude Include="stdafx.h" />
    <ClInclude Include="targetver.h" />
    <ClInclude Include="ToggleButton.h" />
    <ClInclude Include="Window.h" />
  </ItemGroup>
  <ItemGroup>
    <None Include="ReadMe.txt" />
  </ItemGroup>
</Project>