<?xml version="1.0" encoding="utf-8"?>
<Project ToolsVersion="4.0" xmlns="http://schemas.microsoft.com/developer/msbuild/2003">
  <ItemGroup>
    <ClCompile Include="Button.cpp">
      <Filter>Source</Filter>
    </ClCompile>
    <ClCompile Include="CheckBox.cpp">
      <Filter>Source</Filter>
    </ClCompile>
    <ClCompile Include="ControlBase.cpp">
      <Filter>Source</Filter>
    </ClCompile>
    <ClCompile Include="Container.cpp">
      <Filter>Source</Filter>
    </ClCompile>
    <ClCompile Include="Graphix.cpp">
      <Filter>Source</Filter>
    </ClCompile>
    <ClCompile Include="Label.cpp">
      <Filter>Source</Filter>
    </ClCompile>
    <ClCompile Include="Panel.cpp">
      <Filter>Source</Filter>
    </ClCompile>
    <ClCompile Include="MyButton.cpp">
      <Filter>Source</Filter>
    </ClCompile>
    <ClCompile Include="RadioButton.cpp">
      <Filter>Source</Filter>
    </ClCompile>
    <ClCompile Include="stdafx.cpp">
      <Filter>Source</Filter>
    </ClCompile>
    <ClCompile Include="DVA222_Project.cpp">
      <Filter>Source</Filter>
    </ClCompile>
  </ItemGroup>
  <ItemGroup>
    <ClInclude Include="Button.h">
      <Filter>Headers</Filter>
    </ClInclude>
    <ClInclude Include="ChackBoxGroup.h">
      <Filter>Headers</Filter>
    </ClInclude>
    <ClInclude Include="CheckBox.h">
      <Filter>Headers</Filter>
    </ClInclude>
    <ClInclude Include="Container.h">
      <Filter>Headers</Filter>
    </ClInclude>
    <ClInclude Include="ControlBase.h">
      <Filter>Headers</Filter>
    </ClInclude>
    <ClInclude Include="Graphix.h">
      <Filter>Headers</Filter>
    </ClInclude>
    <ClInclude Include="ImageBox.h">
      <Filter>Headers</Filter>
    </ClInclude>
    <ClInclude Include="Label.h">
      <Filter>Headers</Filter>
    </ClInclude>
    <ClInclude Include="MyButton.h">
      <Filter>Headers</Filter>
    </ClInclude>
    <ClInclude Include="Panel.h">
      <Filter>Headers</Filter>
    </ClInclude>
    <ClInclude Include="RadioButton.h">
      <Filter>Headers</Filter>
    </ClInclude>
    <ClInclude Include="ReadingButtonGroup.h">
      <Filter>Headers</Filter>
    </ClInclude>
    <ClInclude Include="stdafx.h">
      <Filter>Headers</Filter>
    </ClInclude>
    <ClInclude Include="targetver.h">
      <Filter>Headers</Filter>
    </ClInclude>
    <ClInclude Include="Window.h">
      <Filter>Headers</Filter>
    </ClInclude>
  </ItemGroup>
  <ItemGroup>
    <None Include="ReadMe.txt" />
  </ItemGroup>
  <ItemGroup>
    <Filter Include="Headers">
      <UniqueIdentifier>{a951f341-b069-43b1-8623-00e4d4eedab4}</UniqueIdentifier>
    </Filter>
    <Filter Include="Source">
      <UniqueIdentifier>{310d8ae1-24ce-4b72-bef1-ba216877288a}</UniqueIdentifier>
    </Filter>
  </ItemGroup>
</Project>